
Microsoft Visual Studio Solution File, Format Version 12.00
# Visual Studio 14
VisualStudioVersion = 14.0.24720.0
MinimumVisualStudioVersion = 10.0.40219.1
Project("{FAE04EC0-301F-11D3-BF4B-00C04F79EFBC}") = "EliteUi", "EliteUi\EliteUi.csproj", "{A48868C9-B806-48C0-AD13-2B318930BC26}"
	ProjectSection(ProjectDependencies) = postProject
		{E7BB06C3-3D77-459B-A308-031A287B5964} = {E7BB06C3-3D77-459B-A308-031A287B5964}
	EndProjectSection
EndProject
Project("{FAE04EC0-301F-11D3-BF4B-00C04F79EFBC}") = "EliteServiceLibrary", "EliteServiceLibrary\EliteServiceLibrary.csproj", "{E7BB06C3-3D77-459B-A308-031A287B5964}"
EndProject
Project("{2150E333-8FDC-42A3-9474-1A3956D46DE8}") = "Solution Items", "Solution Items", "{DA09F872-2C3B-4268-BF04-707CD7A4DDC5}"
	ProjectSection(SolutionItems) = preProject
		Install-ElitePaddles.ps1 = Install-ElitePaddles.ps1
	EndProjectSection
EndProject
Project("{FAE04EC0-301F-11D3-BF4B-00C04F79EFBC}") = "ElitePaddlesServiceHost", "ElitePaddlesServiceHost\ElitePaddlesServiceHost.csproj", "{16E6806D-760E-4E91-A337-16DC5E055FD5}"
EndProject
Global
	GlobalSection(SolutionConfigurationPlatforms) = preSolution
		Debug|Any CPU = Debug|Any CPU
		Debug|ARM = Debug|ARM
		Debug|x64 = Debug|x64
		Debug|x86 = Debug|x86
		Release|Any CPU = Release|Any CPU
		Release|ARM = Release|ARM
		Release|x64 = Release|x64
		Release|x86 = Release|x86
	EndGlobalSection
	GlobalSection(ProjectConfigurationPlatforms) = postSolution
		{A48868C9-B806-48C0-AD13-2B318930BC26}.Debug|Any CPU.ActiveCfg = Debug|x86
		{A48868C9-B806-48C0-AD13-2B318930BC26}.Debug|ARM.ActiveCfg = Debug|ARM
		{A48868C9-B806-48C0-AD13-2B318930BC26}.Debug|ARM.Build.0 = Debug|ARM
		{A48868C9-B806-48C0-AD13-2B318930BC26}.Debug|ARM.Deploy.0 = Debug|ARM
		{A48868C9-B806-48C0-AD13-2B318930BC26}.Debug|x64.ActiveCfg = Debug|x64
		{A48868C9-B806-48C0-AD13-2B318930BC26}.Debug|x64.Build.0 = Debug|x64
		{A48868C9-B806-48C0-AD13-2B318930BC26}.Debug|x64.Deploy.0 = Debug|x64
		{A48868C9-B806-48C0-AD13-2B318930BC26}.Debug|x86.ActiveCfg = Debug|x86
		{A48868C9-B806-48C0-AD13-2B318930BC26}.Debug|x86.Build.0 = Debug|x86
		{A48868C9-B806-48C0-AD13-2B318930BC26}.Debug|x86.Deploy.0 = Debug|x86
		{A48868C9-B806-48C0-AD13-2B318930BC26}.Release|Any CPU.ActiveCfg = Release|x86
		{A48868C9-B806-48C0-AD13-2B318930BC26}.Release|ARM.ActiveCfg = Release|ARM
		{A48868C9-B806-48C0-AD13-2B318930BC26}.Release|ARM.Build.0 = Release|ARM
		{A48868C9-B806-48C0-AD13-2B318930BC26}.Release|ARM.Deploy.0 = Release|ARM
		{A48868C9-B806-48C0-AD13-2B318930BC26}.Release|x64.ActiveCfg = Release|x64
		{A48868C9-B806-48C0-AD13-2B318930BC26}.Release|x64.Build.0 = Release|x64
		{A48868C9-B806-48C0-AD13-2B318930BC26}.Release|x64.Deploy.0 = Release|x64
		{A48868C9-B806-48C0-AD13-2B318930BC26}.Release|x86.ActiveCfg = Release|x86
		{A48868C9-B806-48C0-AD13-2B318930BC26}.Release|x86.Build.0 = Release|x86
		{A48868C9-B806-48C0-AD13-2B318930BC26}.Release|x86.Deploy.0 = Release|x86
		{E7BB06C3-3D77-459B-A308-031A287B5964}.Debug|Any CPU.ActiveCfg = Debug|Any CPU
		{E7BB06C3-3D77-459B-A308-031A287B5964}.Debug|Any CPU.Build.0 = Debug|Any CPU
		{E7BB06C3-3D77-459B-A308-031A287B5964}.Debug|ARM.ActiveCfg = Debug|Any CPU
		{E7BB06C3-3D77-459B-A308-031A287B5964}.Debug|ARM.Build.0 = Debug|Any CPU
		{E7BB06C3-3D77-459B-A308-031A287B5964}.Debug|x64.ActiveCfg = Debug|Any CPU
		{E7BB06C3-3D77-459B-A308-031A287B5964}.Debug|x64.Build.0 = Debug|Any CPU
		{E7BB06C3-3D77-459B-A308-031A287B5964}.Debug|x86.ActiveCfg = Debug|Any CPU
		{E7BB06C3-3D77-459B-A308-031A287B5964}.Debug|x86.Build.0 = Debug|Any CPU
		{E7BB06C3-3D77-459B-A308-031A287B5964}.Release|Any CPU.ActiveCfg = Release|Any CPU
		{E7BB06C3-3D77-459B-A308-031A287B5964}.Release|Any CPU.Build.0 = Release|Any CPU
		{E7BB06C3-3D77-459B-A308-031A287B5964}.Release|ARM.ActiveCfg = Release|Any CPU
		{E7BB06C3-3D77-459B-A308-031A287B5964}.Release|ARM.Build.0 = Release|Any CPU
		{E7BB06C3-3D77-459B-A308-031A287B5964}.Release|x64.ActiveCfg = Release|Any CPU
		{E7BB06C3-3D77-459B-A308-031A287B5964}.Release|x64.Build.0 = Release|Any CPU
		{E7BB06C3-3D77-459B-A308-031A287B5964}.Release|x86.ActiveCfg = Release|Any CPU
		{E7BB06C3-3D77-459B-A308-031A287B5964}.Release|x86.Build.0 = Release|Any CPU
		{16E6806D-760E-4E91-A337-16DC5E055FD5}.Debug|Any CPU.ActiveCfg = Debug|Any CPU
		{16E6806D-760E-4E91-A337-16DC5E055FD5}.Debug|Any CPU.Build.0 = Debug|Any CPU
		{16E6806D-760E-4E91-A337-16DC5E055FD5}.Debug|ARM.ActiveCfg = Debug|Any CPU
		{16E6806D-760E-4E91-A337-16DC5E055FD5}.Debug|ARM.Build.0 = Debug|Any CPU
		{16E6806D-760E-4E91-A337-16DC5E055FD5}.Debug|x64.ActiveCfg = Debug|Any CPU
		{16E6806D-760E-4E91-A337-16DC5E055FD5}.Debug|x64.Build.0 = Debug|Any CPU
		{16E6806D-760E-4E91-A337-16DC5E055FD5}.Debug|x86.ActiveCfg = Debug|Any CPU
		{16E6806D-760E-4E91-A337-16DC5E055FD5}.Debug|x86.Build.0 = Debug|Any CPU
		{16E6806D-760E-4E91-A337-16DC5E055FD5}.Release|Any CPU.ActiveCfg = Release|Any CPU
		{16E6806D-760E-4E91-A337-16DC5E055FD5}.Release|Any CPU.Build.0 = Release|Any CPU
		{16E6806D-760E-4E91-A337-16DC5E055FD5}.Release|ARM.ActiveCfg = Release|Any CPU
		{16E6806D-760E-4E91-A337-16DC5E055FD5}.Release|ARM.Build.0 = Release|Any CPU
		{16E6806D-760E-4E91-A337-16DC5E055FD5}.Release|x64.ActiveCfg = Release|Any CPU
		{16E6806D-760E-4E91-A337-16DC5E055FD5}.Release|x64.Build.0 = Release|Any CPU
		{16E6806D-760E-4E91-A337-16DC5E055FD5}.Release|x86.ActiveCfg = Release|Any CPU
		{16E6806D-760E-4E91-A337-16DC5E055FD5}.Release|x86.Build.0 = Release|Any CPU
	EndGlobalSection
	GlobalSection(SolutionProperties) = preSolution
		HideSolutionNode = FALSE
	EndGlobalSection
EndGlobal
